
Microsoft Visual Studio Solution File, Format Version 12.00
# Visual Studio Version 17
VisualStudioVersion = 17.0.31919.166
MinimumVisualStudioVersion = 10.0.40219.1
Project("{FAE04EC0-301F-11D3-BF4B-00C04F79EFBC}") = "Palavras Cruzadas", "Palavras Cruzadas\Palavras Cruzadas.csproj", "{FEB706EF-2FD2-4027-85E0-76793B2EB6C9}"
EndProject
Global
	GlobalSection(SolutionConfigurationPlatforms) = preSolution
		Debug|Any CPU = Debug|Any CPU
		Release|Any CPU = Release|Any CPU
	EndGlobalSection
	GlobalSection(ProjectConfigurationPlatforms) = postSolution
		{FEB706EF-2FD2-4027-85E0-76793B2EB6C9}.Debug|Any CPU.ActiveCfg = Debug|Any CPU
		{FEB706EF-2FD2-4027-85E0-76793B2EB6C9}.Debug|Any CPU.Build.0 = Debug|Any CPU
		{FEB706EF-2FD2-4027-85E0-76793B2EB6C9}.Release|Any CPU.ActiveCfg = Release|Any CPU
		{FEB706EF-2FD2-4027-85E0-76793B2EB6C9}.Release|Any CPU.Build.0 = Release|Any CPU
	EndGlobalSection
	GlobalSection(SolutionProperties) = preSolution
		HideSolutionNode = FALSE
	EndGlobalSection
	GlobalSection(ExtensibilityGlobals) = postSolution
		SolutionGuid = {C00A590B-E555-4DB8-BF1C-C6CF5147AFAA}
	EndGlobalSection
EndGlobal
